
Microsoft Visual Studio Solution File, Format Version 12.00
# Visual Studio 15
VisualStudioVersion = 15.0.28307.757
MinimumVisualStudioVersion = 10.0.40219.1
Project("{FAE04EC0-301F-11D3-BF4B-00C04F79EFBC}") = "SensorProjectV1.0", "SensorProjectV1.0\SensorProjectV1.0.csproj", "{F1C2C94E-EC0F-4F77-94F8-908A2FD2EE01}"
EndProject
Project("{00D1A9C2-B5F0-4AF3-8072-F6C62B433612}") = "dbo", "..\..\..\source\repos\dbo\dbo.sqlproj", "{D1B20BF5-176F-4572-9125-0D93E9C34BE6}"
EndProject
Global
	GlobalSection(SolutionConfigurationPlatforms) = preSolution
		Debug|Any CPU = Debug|Any CPU
		Release|Any CPU = Release|Any CPU
	EndGlobalSection
	GlobalSection(ProjectConfigurationPlatforms) = postSolution
		{F1C2C94E-EC0F-4F77-94F8-908A2FD2EE01}.Debug|Any CPU.ActiveCfg = Debug|Any CPU
		{F1C2C94E-EC0F-4F77-94F8-908A2FD2EE01}.Debug|Any CPU.Build.0 = Debug|Any CPU
		{F1C2C94E-EC0F-4F77-94F8-908A2FD2EE01}.Release|Any CPU.ActiveCfg = Release|Any CPU
		{F1C2C94E-EC0F-4F77-94F8-908A2FD2EE01}.Release|Any CPU.Build.0 = Release|Any CPU
		{D1B20BF5-176F-4572-9125-0D93E9C34BE6}.Debug|Any CPU.ActiveCfg = Debug|Any CPU
		{D1B20BF5-176F-4572-9125-0D93E9C34BE6}.Debug|Any CPU.Build.0 = Debug|Any CPU
		{D1B20BF5-176F-4572-9125-0D93E9C34BE6}.Debug|Any CPU.Deploy.0 = Debug|Any CPU
		{D1B20BF5-176F-4572-9125-0D93E9C34BE6}.Release|Any CPU.ActiveCfg = Release|Any CPU
		{D1B20BF5-176F-4572-9125-0D93E9C34BE6}.Release|Any CPU.Build.0 = Release|Any CPU
		{D1B20BF5-176F-4572-9125-0D93E9C34BE6}.Release|Any CPU.Deploy.0 = Release|Any CPU
	EndGlobalSection
	GlobalSection(SolutionProperties) = preSolution
		HideSolutionNode = FALSE
	EndGlobalSection
	GlobalSection(ExtensibilityGlobals) = postSolution
		SolutionGuid = {326803A4-4984-4C98-8815-FD5F064D6E99}
	EndGlobalSection
EndGlobal
